PODS:
  - app_settings (6.1.2):
    - Flutter
  - Flutter (1.0.0)
  - local_auth_darwin (0.0.1):
    - Flutter
    - FlutterMacOS

DEPENDENCIES:
  - app_settings (from `.symlinks/plugins/app_settings/ios`)
  - Flutter (from `Flutter`)
  - local_auth_darwin (from `.symlinks/plugins/local_auth_darwin/darwin`)

EXTERNAL SOURCES:
  app_settings:
    :path: ".symlinks/plugins/app_settings/ios"
  Flutter:
    :path: Flutter
  local_auth_darwin:
    :path: ".symlinks/plugins/local_auth_darwin/darwin"

SPEC CHECKSUMS:
  app_settings: 0341ec6daa4f0c50f5a421bf0ad7c36084db6e90
  Flutter: cabc95a1d2626b1b06e7179b784ebcf0c0cde467
  local_auth_darwin: d2e8c53ef0c4f43c646462e3415432c4dab3ae19

PODFILE CHECKSUM: 3c63482e143d1b91d2d2560aee9fb04ecc74ac7e

COCOAPODS: 1.16.2
